// !$*UTF8*$!
{
	archiveVersion = 1;
	classes = {
	};
	objectVersion = 46;
	objects = {

/* Begin PBXBuildFile section */
		F7E316A513F2072000E24769 /* Cocoa.framework in Frameworks */ = {isa = PBXBuildFile; fileRef = F7E316A413F2072000E24769 /* Cocoa.framework */; };
		F7E316AF13F2072000E24769 /* InfoPlist.strings in Resources */ = {isa = PBXBuildFile; fileRef = F7E316AD13F2072000E24769 /* InfoPlist.strings */; };
		F7E316B113F2072000E24769 /* main.m in Sources */ = {isa = PBXBuildFile; fileRef = F7E316B013F2072000E24769 /* main.m */; };
		F7E316B513F2072000E24769 /* Credits.rtf in Resources */ = {isa = PBXBuildFile; fileRef = F7E316B313F2072000E24769 /* Credits.rtf */; };
		F7E316B813F2072000E24769 /* FibTestAppDelegate.m in Sources */ = {isa = PBXBuildFile; fileRef = F7E316B713F2072000E24769 /* FibTestAppDelegate.m */; };
		F7E316BB13F2072100E24769 /* MainMenu.xib in Resources */ = {isa = PBXBuildFile; fileRef = F7E316B913F2072100E24769 /* MainMenu.xib */; };
		F7E316C313F208ED00E24769 /* CocoaFib.m in Sources */ = {isa = PBXBuildFile; fileRef = F7E316C213F208ED00E24769 /* CocoaFib.m */; };
/* End PBXBuildFile section */

/* Begin PBXFileReference section */
		F7E316A013F2072000E24769 /* FibTest.app */ = {isa = PBXFileReference; explicitFileType = wrapper.application; includeInIndex = 0; path = FibTest.app; sourceTree = BUILT_PRODUCTS_DIR; };
		F7E316A413F2072000E24769 /* Cocoa.framework */ = {isa = PBXFileReference; lastKnownFileType = wrapper.framework; name = Cocoa.framework; path = System/Library/Frameworks/Cocoa.framework; sourceTree = SDKROOT; };
		F7E316A713F2072000E24769 /* AppKit.framework */ = {isa = PBXFileReference; lastKnownFileType = wrapper.framework; name = AppKit.framework; path = System/Library/Frameworks/AppKit.framework; sourceTree = SDKROOT; };
		F7E316A813F2072000E24769 /* CoreData.framework */ = {isa = PBXFileReference; lastKnownFileType = wrapper.framework; name = CoreData.framework; path = System/Library/Frameworks/CoreData.framework; sourceTree = SDKROOT; };
		F7E316A913F2072000E24769 /* Foundation.framework */ = {isa = PBXFileReference; lastKnownFileType = wrapper.framework; name = Foundation.framework; path = System/Library/Frameworks/Foundation.framework; sourceTree = SDKROOT; };
		F7E316AC13F2072000E24769 /* FibTest-Info.plist */ = {isa = PBXFileReference; lastKnownFileType = text.plist.xml; path = "FibTest-Info.plist"; sourceTree = "<group>"; };
		F7E316AE13F2072000E24769 /* en */ = {isa = PBXFileReference; lastKnownFileType = text.plist.strings; name = en; path = en.lproj/InfoPlist.strings; sourceTree = "<group>"; };
		F7E316B013F2072000E24769 /* main.m */ = {isa = PBXFileReference; lastKnownFileType = sourcecode.c.objc; path = main.m; sourceTree = "<group>"; };
		F7E316B213F2072000E24769 /* FibTest-Prefix.pch */ = {isa = PBXFileReference; lastKnownFileType = sourcecode.c.h; path = "FibTest-Prefix.pch"; sourceTree = "<group>"; };
		F7E316B413F2072000E24769 /* en */ = {isa = PBXFileReference; lastKnownFileType = text.rtf; name = en; path = en.lproj/Credits.rtf; sourceTree = "<group>"; };
		F7E316B613F2072000E24769 /* FibTestAppDelegate.h */ = {isa = PBXFileReference; lastKnownFileType = sourcecode.c.h; path = FibTestAppDelegate.h; sourceTree = "<group>"; };
		F7E316B713F2072000E24769 /* FibTestAppDelegate.m */ = {isa = PBXFileReference; lastKnownFileType = sourcecode.c.objc; path = FibTestAppDelegate.m; sourceTree = "<group>"; };
		F7E316BA13F2072100E24769 /* en */ = {isa = PBXFileReference; lastKnownFileType = file.xib; name = en; path = en.lproj/MainMenu.xib; sourceTree = "<group>"; };
		F7E316C113F208ED00E24769 /* CocoaFib.h */ = {isa = PBXFileReference; fileEncoding = 4; lastKnownFileType = sourcecode.c.h; path = CocoaFib.h; sourceTree = "<group>"; };
		F7E316C213F208ED00E24769 /* CocoaFib.m */ = {isa = PBXFileReference; fileEncoding = 4; lastKnownFileType = sourcecode.c.objc; path = CocoaFib.m; sourceTree = "<group>"; };
/* End PBXFileReference section */

/* Begin PBXFrameworksBuildPhase section */
		F7E3169D13F2072000E24769 /* Frameworks */ = {
			isa = PBXFrameworksBuildPhase;
			buildActionMask = 2147483647;
			files = (
				F7E316A513F2072000E24769 /* Cocoa.framework in Frameworks */,
			);
			runOnlyForDeploymentPostprocessing = 0;
		};
/* End PBXFrameworksBuildPhase section */

/* Begin PBXGroup section */
		F7E3169513F2072000E24769 = {
			isa = PBXGroup;
			children = (
				F7E316AA13F2072000E24769 /* FibTest */,
				F7E316A313F2072000E24769 /* Frameworks */,
				F7E316A113F2072000E24769 /* Products */,
			);
			sourceTree = "<group>";
		};
		F7E316A113F2072000E24769 /* Products */ = {
			isa = PBXGroup;
			children = (
				F7E316A013F2072000E24769 /* FibTest.app */,
			);
			name = Products;
			sourceTree = "<group>";
		};
		F7E316A313F2072000E24769 /* Frameworks */ = {
			isa = PBXGroup;
			children = (
				F7E316A413F2072000E24769 /* Cocoa.framework */,
				F7E316A613F2072000E24769 /* Other Frameworks */,
			);
			name = Frameworks;
			sourceTree = "<group>";
		};
		F7E316A613F2072000E24769 /* Other Frameworks */ = {
			isa = PBXGroup;
			children = (
				F7E316A713F2072000E24769 /* AppKit.framework */,
				F7E316A813F2072000E24769 /* CoreData.framework */,
				F7E316A913F2072000E24769 /* Foundation.framework */,
			);
			name = "Other Frameworks";
			sourceTree = "<group>";
		};
		F7E316AA13F2072000E24769 /* FibTest */ = {
			isa = PBXGroup;
			children = (
				F7E316B613F2072000E24769 /* FibTestAppDelegate.h */,
				F7E316B713F2072000E24769 /* FibTestAppDelegate.m */,
				F7E316B913F2072100E24769 /* MainMenu.xib */,
				F7E316C113F208ED00E24769 /* CocoaFib.h */,
				F7E316C213F208ED00E24769 /* CocoaFib.m */,
				F7E316AB13F2072000E24769 /* Supporting Files */,
			);
			path = FibTest;
			sourceTree = "<group>";
		};
		F7E316AB13F2072000E24769 /* Supporting Files */ = {
			isa = PBXGroup;
			children = (
				F7E316AC13F2072000E24769 /* FibTest-Info.plist */,
				F7E316AD13F2072000E24769 /* InfoPlist.strings */,
				F7E316B013F2072000E24769 /* main.m */,
				F7E316B213F2072000E24769 /* FibTest-Prefix.pch */,
				F7E316B313F2072000E24769 /* Credits.rtf */,
			);
			name = "Supporting Files";
			sourceTree = "<group>";
		};
/* End PBXGroup section */

/* Begin PBXNativeTarget section */
		F7E3169F13F2072000E24769 /* FibTest */ = {
			isa = PBXNativeTarget;
			buildConfigurationList = F7E316BE13F2072100E24769 /* Build configuration list for PBXNativeTarget "FibTest" */;
			buildPhases = (
				F7E3169C13F2072000E24769 /* Sources */,
				F7E3169D13F2072000E24769 /* Frameworks */,
				F7E3169E13F2072000E24769 /* Resources */,
			);
			buildRules = (
			);
			dependencies = (
			);
			name = FibTest;
			productName = FibTest;
			productReference = F7E316A013F2072000E24769 /* FibTest.app */;
			productType = "com.apple.product-type.application";
		};
/* End PBXNativeTarget section */

/* Begin PBXProject section */
		F7E3169713F2072000E24769 /* Project object */ = {
			isa = PBXProject;
			buildConfigurationList = F7E3169A13F2072000E24769 /* Build configuration list for PBXProject "FibTest" */;
			compatibilityVersion = "Xcode 3.2";
			developmentRegion = English;
			hasScannedForEncodings = 0;
			knownRegions = (
				en,
			);
			mainGroup = F7E3169513F2072000E24769;
			productRefGroup = F7E316A113F2072000E24769 /* Products */;
			projectDirPath = "";
			projectRoot = "";
			targets = (
				F7E3169F13F2072000E24769 /* FibTest */,
			);
		};
/* End PBXProject section */

/* Begin PBXResourcesBuildPhase section */
		F7E3169E13F2072000E24769 /* Resources */ = {
			isa = PBXResourcesBuildPhase;
			buildActionMask = 2147483647;
			files = (
				F7E316AF13F2072000E24769 /* InfoPlist.strings in Resources */,
				F7E316B513F2072000E24769 /* Credits.rtf in Resources */,
				F7E316BB13F2072100E24769 /* MainMenu.xib in Resources */,
			);
			runOnlyForDeploymentPostprocessing = 0;
		};
/* End PBXResourcesBuildPhase section */

/* Begin PBXSourcesBuildPhase section */
		F7E3169C13F2072000E24769 /* Sources */ = {
			isa = PBXSourcesBuildPhase;
			buildActionMask = 2147483647;
			files = (
				F7E316B113F2072000E24769 /* main.m in Sources */,
				F7E316B813F2072000E24769 /* FibTestAppDelegate.m in Sources */,
				F7E316C313F208ED00E24769 /* CocoaFib.m in Sources */,
			);
			runOnlyForDeploymentPostprocessing = 0;
		};
/* End PBXSourcesBuildPhase section */

/* Begin PBXVariantGroup section */
		F7E316AD13F2072000E24769 /* InfoPlist.strings */ = {
			isa = PBXVariantGroup;
			children = (
				F7E316AE13F2072000E24769 /* en */,
			);
			name = InfoPlist.strings;
			sourceTree = "<group>";
		};
		F7E316B313F2072000E24769 /* Credits.rtf */ = {
			isa = PBXVariantGroup;
			children = (
				F7E316B413F2072000E24769 /* en */,
			);
			name = Credits.rtf;
			sourceTree = "<group>";
		};
		F7E316B913F2072100E24769 /* MainMenu.xib */ = {
			isa = PBXVariantGroup;
			children = (
				F7E316BA13F2072100E24769 /* en */,
			);
			name = MainMenu.xib;
			sourceTree = "<group>";
		};
/* End PBXVariantGroup section */

/* Begin XCBuildConfiguration section */
		F7E316BC13F2072100E24769 /* Debug */ = {
			isa = XCBuildConfiguration;
			buildSettings = {
				ALWAYS_SEARCH_USER_PATHS = NO;
				ARCHS = "$(ARCHS_STANDARD_64_BIT)";
				COPY_PHASE_STRIP = NO;
				GCC_C_LANGUAGE_STANDARD = gnu99;
				GCC_DYNAMIC_NO_PIC = NO;
				GCC_ENABLE_OBJC_EXCEPTIONS = YES;
				GCC_OPTIMIZATION_LEVEL = 0;
				GCC_PREPROCESSOR_DEFINITIONS = (
					"DEBUG=1",
					"$(inherited)",
				);
				GCC_SYMBOLS_PRIVATE_EXTERN = NO;
				GCC_VERSION = com.apple.compilers.llvm.clang.1_0;
				GCC_WARN_64_TO_32_BIT_CONVERSION = YES;
				GCC_WARN_ABOUT_MISSING_PROTOTYPES = YES;
				GCC_WARN_ABOUT_RETURN_TYPE = YES;
				GCC_WARN_UNUSED_VARIABLE = YES;
				MACOSX_DEPLOYMENT_TARGET = 10.7;
				ONLY_ACTIVE_ARCH = YES;
				SDKROOT = macosx;
			};
			name = Debug;
		};
		F7E316BD13F2072100E24769 /* Release */ = {
			isa = XCBuildConfiguration;
			buildSettings = {
				ALWAYS_SEARCH_USER_PATHS = NO;
				ARCHS = "$(ARCHS_STANDARD_64_BIT)";
				COPY_PHASE_STRIP = YES;
				DEBUG_INFORMATION_FORMAT = "dwarf-with-dsym";
				GCC_C_LANGUAGE_STANDARD = gnu99;
				GCC_ENABLE_OBJC_EXCEPTIONS = YES;
				GCC_VERSION = com.apple.compilers.llvm.clang.1_0;
				GCC_WARN_64_TO_32_BIT_CONVERSION = YES;
				GCC_WARN_ABOUT_MISSING_PROTOTYPES = YES;
				GCC_WARN_ABOUT_RETURN_TYPE = YES;
				GCC_WARN_UNUSED_VARIABLE = YES;
				MACOSX_DEPLOYMENT_TARGET = 10.7;
				SDKROOT = macosx;
			};
			name = Release;
		};
		F7E316BF13F2072100E24769 /* Debug */ = {
			isa = XCBuildConfiguration;
			buildSettings = {
				GCC_PRECOMPILE_PREFIX_HEADER = YES;
				GCC_PREFIX_HEADER = "FibTest/FibTest-Prefix.pch";
				INFOPLIST_FILE = "FibTest/FibTest-Info.plist";
				PRODUCT_NAME = "$(TARGET_NAME)";
				WRAPPER_EXTENSION = app;
			};
			name = Debug;
		};
		F7E316C013F2072100E24769 /* Release */ = {
			isa = XCBuildConfiguration;
			buildSettings = {
				GCC_PRECOMPILE_PREFIX_HEADER = YES;
				GCC_PREFIX_HEADER = "FibTest/FibTest-Prefix.pch";
				INFOPLIST_FILE = "FibTest/FibTest-Info.plist";
				PRODUCT_NAME = "$(TARGET_NAME)";
				WRAPPER_EXTENSION = app;
			};
			name = Release;
		};
/* End XCBuildConfiguration section */

/* Begin XCConfigurationList section */
		F7E3169A13F2072000E24769 /* Build configuration list for PBXProject "FibTest" */ = {
			isa = XCConfigurationList;
			buildConfigurations = (
				F7E316BC13F2072100E24769 /* Debug */,
				F7E316BD13F2072100E24769 /* Release */,
			);
			defaultConfigurationIsVisible = 0;
			defaultConfigurationName = Release;
		};
		F7E316BE13F2072100E24769 /* Build configuration list for PBXNativeTarget "FibTest" */ = {
			isa = XCConfigurationList;
			buildConfigurations = (
				F7E316BF13F2072100E24769 /* Debug */,
				F7E316C013F2072100E24769 /* Release */,
			);
			defaultConfigurationIsVisible = 0;
		};
/* End XCConfigurationList section */
	};
	rootObject = F7E3169713F2072000E24769 /* Project object */;
}
