// !$*UTF8*$!
{
	archiveVersion = 1;
	classes = {
	};
	objectVersion = 46;
	objects = {

/* Begin PBXBuildFile section */
		F7BF665113F361E100DD859B /* Cocoa.framework in Frameworks */ = {isa = PBXBuildFile; fileRef = F7BF665013F361E100DD859B /* Cocoa.framework */; };
		F7BF665B13F361E100DD859B /* InfoPlist.strings in Resources */ = {isa = PBXBuildFile; fileRef = F7BF665913F361E100DD859B /* InfoPlist.strings */; };
		F7BF665D13F361E100DD859B /* main.m in Sources */ = {isa = PBXBuildFile; fileRef = F7BF665C13F361E100DD859B /* main.m */; };
		F7BF666113F361E100DD859B /* Credits.rtf in Resources */ = {isa = PBXBuildFile; fileRef = F7BF665F13F361E100DD859B /* Credits.rtf */; };
		F7BF666413F361E100DD859B /* ExpressionEvaluatorAppDelegate.m in Sources */ = {isa = PBXBuildFile; fileRef = F7BF666313F361E100DD859B /* ExpressionEvaluatorAppDelegate.m */; };
		F7BF666713F361E200DD859B /* MainMenu.xib in Resources */ = {isa = PBXBuildFile; fileRef = F7BF666513F361E200DD859B /* MainMenu.xib */; };
		F7BF667213F365AE00DD859B /* ExpressionController.m in Sources */ = {isa = PBXBuildFile; fileRef = F7BF667113F365AE00DD859B /* ExpressionController.m */; };
		F7BF667513F366EB00DD859B /* _hs_module_init.c in Sources */ = {isa = PBXBuildFile; fileRef = F7BF667413F366EB00DD859B /* _hs_module_init.c */; };
/* End PBXBuildFile section */

/* Begin PBXFileReference section */
		F7BF664C13F361E100DD859B /* ExpressionEvaluator.app */ = {isa = PBXFileReference; explicitFileType = wrapper.application; includeInIndex = 0; path = ExpressionEvaluator.app; sourceTree = BUILT_PRODUCTS_DIR; };
		F7BF665013F361E100DD859B /* Cocoa.framework */ = {isa = PBXFileReference; lastKnownFileType = wrapper.framework; name = Cocoa.framework; path = System/Library/Frameworks/Cocoa.framework; sourceTree = SDKROOT; };
		F7BF665313F361E100DD859B /* AppKit.framework */ = {isa = PBXFileReference; lastKnownFileType = wrapper.framework; name = AppKit.framework; path = System/Library/Frameworks/AppKit.framework; sourceTree = SDKROOT; };
		F7BF665413F361E100DD859B /* CoreData.framework */ = {isa = PBXFileReference; lastKnownFileType = wrapper.framework; name = CoreData.framework; path = System/Library/Frameworks/CoreData.framework; sourceTree = SDKROOT; };
		F7BF665513F361E100DD859B /* Foundation.framework */ = {isa = PBXFileReference; lastKnownFileType = wrapper.framework; name = Foundation.framework; path = System/Library/Frameworks/Foundation.framework; sourceTree = SDKROOT; };
		F7BF665813F361E100DD859B /* ExpressionEvaluator-Info.plist */ = {isa = PBXFileReference; lastKnownFileType = text.plist.xml; path = "ExpressionEvaluator-Info.plist"; sourceTree = "<group>"; };
		F7BF665A13F361E100DD859B /* en */ = {isa = PBXFileReference; lastKnownFileType = text.plist.strings; name = en; path = en.lproj/InfoPlist.strings; sourceTree = "<group>"; };
		F7BF665C13F361E100DD859B /* main.m */ = {isa = PBXFileReference; lastKnownFileType = sourcecode.c.objc; path = main.m; sourceTree = "<group>"; };
		F7BF665E13F361E100DD859B /* ExpressionEvaluator-Prefix.pch */ = {isa = PBXFileReference; lastKnownFileType = sourcecode.c.h; path = "ExpressionEvaluator-Prefix.pch"; sourceTree = "<group>"; };
		F7BF666013F361E100DD859B /* en */ = {isa = PBXFileReference; lastKnownFileType = text.rtf; name = en; path = en.lproj/Credits.rtf; sourceTree = "<group>"; };
		F7BF666213F361E100DD859B /* ExpressionEvaluatorAppDelegate.h */ = {isa = PBXFileReference; lastKnownFileType = sourcecode.c.h; path = ExpressionEvaluatorAppDelegate.h; sourceTree = "<group>"; };
		F7BF666313F361E100DD859B /* ExpressionEvaluatorAppDelegate.m */ = {isa = PBXFileReference; lastKnownFileType = sourcecode.c.objc; path = ExpressionEvaluatorAppDelegate.m; sourceTree = "<group>"; };
		F7BF666613F361E200DD859B /* en */ = {isa = PBXFileReference; lastKnownFileType = file.xib; name = en; path = en.lproj/MainMenu.xib; sourceTree = "<group>"; };
		F7BF667013F365AE00DD859B /* ExpressionController.h */ = {isa = PBXFileReference; fileEncoding = 4; lastKnownFileType = sourcecode.c.h; name = ExpressionController.h; path = ../ExpressionController.h; sourceTree = "<group>"; };
		F7BF667113F365AE00DD859B /* ExpressionController.m */ = {isa = PBXFileReference; fileEncoding = 4; lastKnownFileType = sourcecode.c.objc; name = ExpressionController.m; path = ../ExpressionController.m; sourceTree = "<group>"; };
		F7BF667413F366EB00DD859B /* _hs_module_init.c */ = {isa = PBXFileReference; fileEncoding = 4; lastKnownFileType = sourcecode.c.c; path = _hs_module_init.c; sourceTree = SOURCE_ROOT; };
		F7BF667613F366FA00DD859B /* ForeignExpr_stub.h */ = {isa = PBXFileReference; fileEncoding = 4; lastKnownFileType = sourcecode.c.h; name = ForeignExpr_stub.h; path = haskell/ForeignExpr_stub.h; sourceTree = SOURCE_ROOT; };
/* End PBXFileReference section */

/* Begin PBXFrameworksBuildPhase section */
		F7BF664913F361E100DD859B /* Frameworks */ = {
			isa = PBXFrameworksBuildPhase;
			buildActionMask = 2147483647;
			files = (
				F7BF665113F361E100DD859B /* Cocoa.framework in Frameworks */,
			);
			runOnlyForDeploymentPostprocessing = 0;
		};
/* End PBXFrameworksBuildPhase section */

/* Begin PBXGroup section */
		F7BF664113F361E100DD859B = {
			isa = PBXGroup;
			children = (
				F7BF665613F361E100DD859B /* ExpressionEvaluator */,
				F7BF664F13F361E100DD859B /* Frameworks */,
				F7BF664D13F361E100DD859B /* Products */,
			);
			sourceTree = "<group>";
		};
		F7BF664D13F361E100DD859B /* Products */ = {
			isa = PBXGroup;
			children = (
				F7BF664C13F361E100DD859B /* ExpressionEvaluator.app */,
			);
			name = Products;
			sourceTree = "<group>";
		};
		F7BF664F13F361E100DD859B /* Frameworks */ = {
			isa = PBXGroup;
			children = (
				F7BF665013F361E100DD859B /* Cocoa.framework */,
				F7BF665213F361E100DD859B /* Other Frameworks */,
			);
			name = Frameworks;
			sourceTree = "<group>";
		};
		F7BF665213F361E100DD859B /* Other Frameworks */ = {
			isa = PBXGroup;
			children = (
				F7BF665313F361E100DD859B /* AppKit.framework */,
				F7BF665413F361E100DD859B /* CoreData.framework */,
				F7BF665513F361E100DD859B /* Foundation.framework */,
			);
			name = "Other Frameworks";
			sourceTree = "<group>";
		};
		F7BF665613F361E100DD859B /* ExpressionEvaluator */ = {
			isa = PBXGroup;
			children = (
				F7BF666213F361E100DD859B /* ExpressionEvaluatorAppDelegate.h */,
				F7BF666313F361E100DD859B /* ExpressionEvaluatorAppDelegate.m */,
				F7BF666513F361E200DD859B /* MainMenu.xib */,
				F7BF667013F365AE00DD859B /* ExpressionController.h */,
				F7BF667113F365AE00DD859B /* ExpressionController.m */,
				F7BF667313F366D300DD859B /* Haskell */,
				F7BF665713F361E100DD859B /* Supporting Files */,
			);
			path = ExpressionEvaluator;
			sourceTree = "<group>";
		};
		F7BF665713F361E100DD859B /* Supporting Files */ = {
			isa = PBXGroup;
			children = (
				F7BF665813F361E100DD859B /* ExpressionEvaluator-Info.plist */,
				F7BF665913F361E100DD859B /* InfoPlist.strings */,
				F7BF665C13F361E100DD859B /* main.m */,
				F7BF665E13F361E100DD859B /* ExpressionEvaluator-Prefix.pch */,
				F7BF665F13F361E100DD859B /* Credits.rtf */,
			);
			name = "Supporting Files";
			sourceTree = "<group>";
		};
		F7BF667313F366D300DD859B /* Haskell */ = {
			isa = PBXGroup;
			children = (
				F7BF667613F366FA00DD859B /* ForeignExpr_stub.h */,
				F7BF667413F366EB00DD859B /* _hs_module_init.c */,
			);
			name = Haskell;
			sourceTree = "<group>";
		};
/* End PBXGroup section */

/* Begin PBXNativeTarget section */
		F7BF664B13F361E100DD859B /* ExpressionEvaluator */ = {
			isa = PBXNativeTarget;
			buildConfigurationList = F7BF666A13F361E200DD859B /* Build configuration list for PBXNativeTarget "ExpressionEvaluator" */;
			buildPhases = (
				F7BF667713F3670700DD859B /* ShellScript */,
				F7BF664813F361E100DD859B /* Sources */,
				F7BF664913F361E100DD859B /* Frameworks */,
				F7BF664A13F361E100DD859B /* Resources */,
			);
			buildRules = (
			);
			dependencies = (
			);
			name = ExpressionEvaluator;
			productName = ExpressionEvaluator;
			productReference = F7BF664C13F361E100DD859B /* ExpressionEvaluator.app */;
			productType = "com.apple.product-type.application";
		};
/* End PBXNativeTarget section */

/* Begin PBXProject section */
		F7BF664313F361E100DD859B /* Project object */ = {
			isa = PBXProject;
			buildConfigurationList = F7BF664613F361E100DD859B /* Build configuration list for PBXProject "ExpressionEvaluator" */;
			compatibilityVersion = "Xcode 3.2";
			developmentRegion = English;
			hasScannedForEncodings = 0;
			knownRegions = (
				en,
			);
			mainGroup = F7BF664113F361E100DD859B;
			productRefGroup = F7BF664D13F361E100DD859B /* Products */;
			projectDirPath = "";
			projectRoot = "";
			targets = (
				F7BF664B13F361E100DD859B /* ExpressionEvaluator */,
			);
		};
/* End PBXProject section */

/* Begin PBXResourcesBuildPhase section */
		F7BF664A13F361E100DD859B /* Resources */ = {
			isa = PBXResourcesBuildPhase;
			buildActionMask = 2147483647;
			files = (
				F7BF665B13F361E100DD859B /* InfoPlist.strings in Resources */,
				F7BF666113F361E100DD859B /* Credits.rtf in Resources */,
				F7BF666713F361E200DD859B /* MainMenu.xib in Resources */,
			);
			runOnlyForDeploymentPostprocessing = 0;
		};
/* End PBXResourcesBuildPhase section */

/* Begin PBXShellScriptBuildPhase section */
		F7BF667713F3670700DD859B /* ShellScript */ = {
			isa = PBXShellScriptBuildPhase;
			buildActionMask = 2147483647;
			files = (
			);
			inputPaths = (
			);
			outputPaths = (
			);
			runOnlyForDeploymentPostprocessing = 0;
			shellPath = /bin/sh;
			shellScript = "/Users/judah/.cabal/bin/ghc-xcode -ihaskell haskell/ForeignExpr.hs\n";
		};
/* End PBXShellScriptBuildPhase section */

/* Begin PBXSourcesBuildPhase section */
		F7BF664813F361E100DD859B /* Sources */ = {
			isa = PBXSourcesBuildPhase;
			buildActionMask = 2147483647;
			files = (
				F7BF665D13F361E100DD859B /* main.m in Sources */,
				F7BF666413F361E100DD859B /* ExpressionEvaluatorAppDelegate.m in Sources */,
				F7BF667213F365AE00DD859B /* ExpressionController.m in Sources */,
				F7BF667513F366EB00DD859B /* _hs_module_init.c in Sources */,
			);
			runOnlyForDeploymentPostprocessing = 0;
		};
/* End PBXSourcesBuildPhase section */

/* Begin PBXVariantGroup section */
		F7BF665913F361E100DD859B /* InfoPlist.strings */ = {
			isa = PBXVariantGroup;
			children = (
				F7BF665A13F361E100DD859B /* en */,
			);
			name = InfoPlist.strings;
			sourceTree = "<group>";
		};
		F7BF665F13F361E100DD859B /* Credits.rtf */ = {
			isa = PBXVariantGroup;
			children = (
				F7BF666013F361E100DD859B /* en */,
			);
			name = Credits.rtf;
			sourceTree = "<group>";
		};
		F7BF666513F361E200DD859B /* MainMenu.xib */ = {
			isa = PBXVariantGroup;
			children = (
				F7BF666613F361E200DD859B /* en */,
			);
			name = MainMenu.xib;
			sourceTree = "<group>";
		};
/* End PBXVariantGroup section */

/* Begin XCBuildConfiguration section */
		F7BF666813F361E200DD859B /* Debug */ = {
			isa = XCBuildConfiguration;
			buildSettings = {
				ALWAYS_SEARCH_USER_PATHS = NO;
				ARCHS = "$(ARCHS_STANDARD_64_BIT)";
				COPY_PHASE_STRIP = NO;
				GCC_C_LANGUAGE_STANDARD = gnu99;
				GCC_DYNAMIC_NO_PIC = NO;
				GCC_ENABLE_OBJC_EXCEPTIONS = YES;
				GCC_OPTIMIZATION_LEVEL = 0;
				GCC_PREPROCESSOR_DEFINITIONS = (
					"DEBUG=1",
					"$(inherited)",
				);
				GCC_SYMBOLS_PRIVATE_EXTERN = NO;
				GCC_VERSION = com.apple.compilers.llvm.clang.1_0;
				GCC_WARN_64_TO_32_BIT_CONVERSION = YES;
				GCC_WARN_ABOUT_MISSING_PROTOTYPES = YES;
				GCC_WARN_ABOUT_RETURN_TYPE = YES;
				GCC_WARN_UNUSED_VARIABLE = YES;
				MACOSX_DEPLOYMENT_TARGET = 10.7;
				ONLY_ACTIVE_ARCH = YES;
				SDKROOT = macosx;
			};
			name = Debug;
		};
		F7BF666913F361E200DD859B /* Release */ = {
			isa = XCBuildConfiguration;
			buildSettings = {
				ALWAYS_SEARCH_USER_PATHS = NO;
				ARCHS = "$(ARCHS_STANDARD_64_BIT)";
				COPY_PHASE_STRIP = YES;
				DEBUG_INFORMATION_FORMAT = "dwarf-with-dsym";
				GCC_C_LANGUAGE_STANDARD = gnu99;
				GCC_ENABLE_OBJC_EXCEPTIONS = YES;
				GCC_VERSION = com.apple.compilers.llvm.clang.1_0;
				GCC_WARN_64_TO_32_BIT_CONVERSION = YES;
				GCC_WARN_ABOUT_MISSING_PROTOTYPES = YES;
				GCC_WARN_ABOUT_RETURN_TYPE = YES;
				GCC_WARN_UNUSED_VARIABLE = YES;
				MACOSX_DEPLOYMENT_TARGET = 10.7;
				SDKROOT = macosx;
			};
			name = Release;
		};
		F7BF666B13F361E200DD859B /* Debug */ = {
			isa = XCBuildConfiguration;
			buildSettings = {
				GCC_PRECOMPILE_PREFIX_HEADER = YES;
				GCC_PREFIX_HEADER = "ExpressionEvaluator/ExpressionEvaluator-Prefix.pch";
				HEADER_SEARCH_PATHS = "/Library/Frameworks/GHC.framework/Versions/7.2.1-x86_64/usr/lib/ghc-7.2.1/include";
				INFOPLIST_FILE = "ExpressionEvaluator/ExpressionEvaluator-Info.plist";
				OTHER_LDFLAGS = "-liconv";
				PRODUCT_NAME = "$(TARGET_NAME)";
				WRAPPER_EXTENSION = app;
			};
			name = Debug;
		};
		F7BF666C13F361E200DD859B /* Release */ = {
			isa = XCBuildConfiguration;
			buildSettings = {
				GCC_PRECOMPILE_PREFIX_HEADER = YES;
				GCC_PREFIX_HEADER = "ExpressionEvaluator/ExpressionEvaluator-Prefix.pch";
				HEADER_SEARCH_PATHS = "/Library/Frameworks/GHC.framework/Versions/7.2.1-x86_64/usr/lib/ghc-7.2.1/include";
				INFOPLIST_FILE = "ExpressionEvaluator/ExpressionEvaluator-Info.plist";
				OTHER_LDFLAGS = "-liconv";
				PRODUCT_NAME = "$(TARGET_NAME)";
				WRAPPER_EXTENSION = app;
			};
			name = Release;
		};
/* End XCBuildConfiguration section */

/* Begin XCConfigurationList section */
		F7BF664613F361E100DD859B /* Build configuration list for PBXProject "ExpressionEvaluator" */ = {
			isa = XCConfigurationList;
			buildConfigurations = (
				F7BF666813F361E200DD859B /* Debug */,
				F7BF666913F361E200DD859B /* Release */,
			);
			defaultConfigurationIsVisible = 0;
			defaultConfigurationName = Release;
		};
		F7BF666A13F361E200DD859B /* Build configuration list for PBXNativeTarget "ExpressionEvaluator" */ = {
			isa = XCConfigurationList;
			buildConfigurations = (
				F7BF666B13F361E200DD859B /* Debug */,
				F7BF666C13F361E200DD859B /* Release */,
			);
			defaultConfigurationIsVisible = 0;
			defaultConfigurationName = Release;
		};
/* End XCConfigurationList section */
	};
	rootObject = F7BF664313F361E100DD859B /* Project object */;
}
